
Microsoft Visual Studio Solution File, Format Version 12.00
# Visual Studio Version 17
VisualStudioVersion = 17.14.36408.4
MinimumVisualStudioVersion = 10.0.40219.1
Project("{FAE04EC0-301F-11D3-BF4B-00C04F79EFBC}") = "UIComponents", "UIComponents\UIComponents.csproj", "{7667D056-087B-4A8E-AA96-EA5E1E52AAF9}"
EndProject
Project("{FAE04EC0-301F-11D3-BF4B-00C04F79EFBC}") = "DemoApp", "DemoApp\DemoApp.csproj", "{BBDB3EE3-1DE5-492B-BE78-D159D5414228}"
EndProject
Global
	GlobalSection(SolutionConfigurationPlatforms) = preSolution
		Debug|Any CPU = Debug|Any CPU
		Release|Any CPU = Release|Any CPU
	EndGlobalSection
	GlobalSection(ProjectConfigurationPlatforms) = postSolution
		{7667D056-087B-4A8E-AA96-EA5E1E52AAF9}.Debug|Any CPU.ActiveCfg = Debug|Any CPU
		{7667D056-087B-4A8E-AA96-EA5E1E52AAF9}.Debug|Any CPU.Build.0 = Debug|Any CPU
		{7667D056-087B-4A8E-AA96-EA5E1E52AAF9}.Release|Any CPU.ActiveCfg = Release|Any CPU
		{7667D056-087B-4A8E-AA96-EA5E1E52AAF9}.Release|Any CPU.Build.0 = Release|Any CPU
		{BBDB3EE3-1DE5-492B-BE78-D159D5414228}.Debug|Any CPU.ActiveCfg = Debug|Any CPU
		{BBDB3EE3-1DE5-492B-BE78-D159D5414228}.Debug|Any CPU.Build.0 = Debug|Any CPU
		{BBDB3EE3-1DE5-492B-BE78-D159D5414228}.Release|Any CPU.ActiveCfg = Release|Any CPU
		{BBDB3EE3-1DE5-492B-BE78-D159D5414228}.Release|Any CPU.Build.0 = Release|Any CPU
	EndGlobalSection
	GlobalSection(SolutionProperties) = preSolution
		HideSolutionNode = FALSE
	EndGlobalSection
	GlobalSection(ExtensibilityGlobals) = postSolution
		SolutionGuid = {F162530B-B358-4E0D-994C-435DE9DDAC89}
	EndGlobalSection
EndGlobal
